
Microsoft Visual Studio Solution File, Format Version 12.00
# Visual Studio 15
VisualStudioVersion = 15.0.28307.539
MinimumVisualStudioVersion = 10.0.40219.1
Project("{FAE04EC0-301F-11D3-BF4B-00C04F79EFBC}") = "Linq", "linq\Linq.csproj", "{20CEDEA5-00B1-440A-9FED-DED1790FFBCE}"
EndProject
Project("{FAE04EC0-301F-11D3-BF4B-00C04F79EFBC}") = "Linq_Method_Syntax_Tests", "Linq_Method_Syntax_Tests\Linq_Method_Syntax_Tests.csproj", "{D3ABEEB9-0AF0-4203-8D83-3D9DF6E68C44}"
EndProject
Global
	GlobalSection(SolutionConfigurationPlatforms) = preSolution
		Debug|Any CPU = Debug|Any CPU
		Release|Any CPU = Release|Any CPU
	EndGlobalSection
	GlobalSection(ProjectConfigurationPlatforms) = postSolution
		{20CEDEA5-00B1-440A-9FED-DED1790FFBCE}.Debug|Any CPU.ActiveCfg = Debug|Any CPU
		{20CEDEA5-00B1-440A-9FED-DED1790FFBCE}.Debug|Any CPU.Build.0 = Debug|Any CPU
		{20CEDEA5-00B1-440A-9FED-DED1790FFBCE}.Release|Any CPU.ActiveCfg = Release|Any CPU
		{20CEDEA5-00B1-440A-9FED-DED1790FFBCE}.Release|Any CPU.Build.0 = Release|Any CPU
		{D3ABEEB9-0AF0-4203-8D83-3D9DF6E68C44}.Debug|Any CPU.ActiveCfg = Debug|Any CPU
		{D3ABEEB9-0AF0-4203-8D83-3D9DF6E68C44}.Debug|Any CPU.Build.0 = Debug|Any CPU
		{D3ABEEB9-0AF0-4203-8D83-3D9DF6E68C44}.Release|Any CPU.ActiveCfg = Release|Any CPU
		{D3ABEEB9-0AF0-4203-8D83-3D9DF6E68C44}.Release|Any CPU.Build.0 = Release|Any CPU
	EndGlobalSection
	GlobalSection(SolutionProperties) = preSolution
		HideSolutionNode = FALSE
	EndGlobalSection
	GlobalSection(ExtensibilityGlobals) = postSolution
		SolutionGuid = {B6B6D3BC-66FA-4EBE-919A-3E55D755E541}
	EndGlobalSection
EndGlobal
